
Microsoft Visual Studio Solution File, Format Version 12.00
# Visual Studio Version 17
VisualStudioVersion = 17.9.34728.123
MinimumVisualStudioVersion = 10.0.40219.1
Project("{2150E333-8FDC-42A3-9474-1A3956D46DE8}") = "src", "src", "{CB6A3A09-D343-4BBF-A0CB-8ECAC7C7D46D}"
EndProject
Project("{2150E333-8FDC-42A3-9474-1A3956D46DE8}") = "infra", "infra", "{506EC5BF-7E72-4796-9D1E-5066FC529A0B}"
	ProjectSection(SolutionItems) = preProject
		..\infra\.env = ..\infra\.env
		..\infra\Caddyfile = ..\infra\Caddyfile
		..\infra\docker-compose.yml = ..\infra\docker-compose.yml
		..\infra\Dockerfile = ..\infra\Dockerfile
	EndProjectSection
EndProject
Project("{9A19103F-16F7-4668-BE54-9A1E7A4F7556}") = "Calender", "..\src\Calender\Calender.csproj", "{46EC70D4-D062-44AC-83DB-46C5382C2C15}"
EndProject
Project("{9A19103F-16F7-4668-BE54-9A1E7A4F7556}") = "CalenderApi", "..\src\CalenderApi\CalenderApi.csproj", "{8B9785FB-A2A7-4261-ADAB-03B9C1233799}"
EndProject
Project("{9A19103F-16F7-4668-BE54-9A1E7A4F7556}") = "CalenderCore", "..\src\CalenderCore\CalenderCore.csproj", "{FC9A4C85-16EE-4C74-AD3D-8E4EF666D63B}"
EndProject
Global
	GlobalSection(SolutionConfigurationPlatforms) = preSolution
		Debug|Any CPU = Debug|Any CPU
		Release|Any CPU = Release|Any CPU
	EndGlobalSection
	GlobalSection(ProjectConfigurationPlatforms) = postSolution
		{46EC70D4-D062-44AC-83DB-46C5382C2C15}.Debug|Any CPU.ActiveCfg = Debug|Any CPU
		{46EC70D4-D062-44AC-83DB-46C5382C2C15}.Debug|Any CPU.Build.0 = Debug|Any CPU
		{46EC70D4-D062-44AC-83DB-46C5382C2C15}.Release|Any CPU.ActiveCfg = Release|Any CPU
		{46EC70D4-D062-44AC-83DB-46C5382C2C15}.Release|Any CPU.Build.0 = Release|Any CPU
		{8B9785FB-A2A7-4261-ADAB-03B9C1233799}.Debug|Any CPU.ActiveCfg = Debug|Any CPU
		{8B9785FB-A2A7-4261-ADAB-03B9C1233799}.Debug|Any CPU.Build.0 = Debug|Any CPU
		{8B9785FB-A2A7-4261-ADAB-03B9C1233799}.Release|Any CPU.ActiveCfg = Release|Any CPU
		{8B9785FB-A2A7-4261-ADAB-03B9C1233799}.Release|Any CPU.Build.0 = Release|Any CPU
		{FC9A4C85-16EE-4C74-AD3D-8E4EF666D63B}.Debug|Any CPU.ActiveCfg = Debug|Any CPU
		{FC9A4C85-16EE-4C74-AD3D-8E4EF666D63B}.Debug|Any CPU.Build.0 = Debug|Any CPU
		{FC9A4C85-16EE-4C74-AD3D-8E4EF666D63B}.Release|Any CPU.ActiveCfg = Release|Any CPU
		{FC9A4C85-16EE-4C74-AD3D-8E4EF666D63B}.Release|Any CPU.Build.0 = Release|Any CPU
	EndGlobalSection
	GlobalSection(SolutionProperties) = preSolution
		HideSolutionNode = FALSE
	EndGlobalSection
	GlobalSection(NestedProjects) = preSolution
		{46EC70D4-D062-44AC-83DB-46C5382C2C15} = {CB6A3A09-D343-4BBF-A0CB-8ECAC7C7D46D}
		{8B9785FB-A2A7-4261-ADAB-03B9C1233799} = {CB6A3A09-D343-4BBF-A0CB-8ECAC7C7D46D}
		{FC9A4C85-16EE-4C74-AD3D-8E4EF666D63B} = {CB6A3A09-D343-4BBF-A0CB-8ECAC7C7D46D}
	EndGlobalSection
	GlobalSection(ExtensibilityGlobals) = postSolution
		SolutionGuid = {8293FC3B-A9A6-4807-A04E-9068E051FE98}
	EndGlobalSection
EndGlobal
